// !$*UTF8*$!
{
	archiveVersion = 1;
	classes = {
	};
	objectVersion = 52;
	objects = {

/* Begin PBXBuildFile section */
		B107ED8F25304FCF001AECE0 /* BreedInfoPresenter.swift in Sources */ = {isa = PBXBuildFile; fileRef = B107ED8725304FCF001AECE0 /* BreedInfoPresenter.swift */; };
		B107ED9025304FCF001AECE0 /* BreedInfoWorker.swift in Sources */ = {isa = PBXBuildFile; fileRef = B107ED8825304FCF001AECE0 /* BreedInfoWorker.swift */; };
		B107ED9125304FCF001AECE0 /* BreedInfoRouter.swift in Sources */ = {isa = PBXBuildFile; fileRef = B107ED8925304FCF001AECE0 /* BreedInfoRouter.swift */; };
		B107ED9225304FCF001AECE0 /* BreedInfoModels.swift in Sources */ = {isa = PBXBuildFile; fileRef = B107ED8A25304FCF001AECE0 /* BreedInfoModels.swift */; };
		B107ED9325304FCF001AECE0 /* BreedInfoViewController.swift in Sources */ = {isa = PBXBuildFile; fileRef = B107ED8B25304FCF001AECE0 /* BreedInfoViewController.swift */; };
		B107ED9525304FCF001AECE0 /* BreedInfoInteractor.swift in Sources */ = {isa = PBXBuildFile; fileRef = B107ED8D25304FCF001AECE0 /* BreedInfoInteractor.swift */; };
		B110F9532556F279009B3330 /* NewPet.swift in Sources */ = {isa = PBXBuildFile; fileRef = B110F9522556F279009B3330 /* NewPet.swift */; };
		B1291B73252232590007FEE3 /* AppDelegate.swift in Sources */ = {isa = PBXBuildFile; fileRef = B1291B72252232590007FEE3 /* AppDelegate.swift */; };
		B1291B75252232590007FEE3 /* SceneDelegate.swift in Sources */ = {isa = PBXBuildFile; fileRef = B1291B74252232590007FEE3 /* SceneDelegate.swift */; };
		B1291B7A252232590007FEE3 /* Main.storyboard in Resources */ = {isa = PBXBuildFile; fileRef = B1291B78252232590007FEE3 /* Main.storyboard */; };
		B1291B7C2522325D0007FEE3 /* Assets.xcassets in Resources */ = {isa = PBXBuildFile; fileRef = B1291B7B2522325D0007FEE3 /* Assets.xcassets */; };
		B1291B7F2522325D0007FEE3 /* LaunchScreen.storyboard in Resources */ = {isa = PBXBuildFile; fileRef = B1291B7D2522325D0007FEE3 /* LaunchScreen.storyboard */; };
		B13869D02529B0A30027E885 /* BreedsCell.swift in Sources */ = {isa = PBXBuildFile; fileRef = B13869CF2529B0A30027E885 /* BreedsCell.swift */; };
		B13869E3252C5FE90027E885 /* NetworkWorker.swift in Sources */ = {isa = PBXBuildFile; fileRef = B13869E2252C5FE90027E885 /* NetworkWorker.swift */; };
		B13869EF252DBCD90027E885 /* AllBreedsListPresenter.swift in Sources */ = {isa = PBXBuildFile; fileRef = B13869E7252DBCD90027E885 /* AllBreedsListPresenter.swift */; };
		B13869F0252DBCD90027E885 /* AllBreedsListWorker.swift in Sources */ = {isa = PBXBuildFile; fileRef = B13869E8252DBCD90027E885 /* AllBreedsListWorker.swift */; };
		B13869F1252DBCD90027E885 /* AllBreedsListRouter.swift in Sources */ = {isa = PBXBuildFile; fileRef = B13869E9252DBCD90027E885 /* AllBreedsListRouter.swift */; };
		B13869F2252DBCD90027E885 /* AllBreedsListModels.swift in Sources */ = {isa = PBXBuildFile; fileRef = B13869EA252DBCD90027E885 /* AllBreedsListModels.swift */; };
		B13869F3252DBCD90027E885 /* AllBreedsListViewController.swift in Sources */ = {isa = PBXBuildFile; fileRef = B13869EB252DBCD90027E885 /* AllBreedsListViewController.swift */; };
		B13869F5252DBCD90027E885 /* AllBreedsListInteractor.swift in Sources */ = {isa = PBXBuildFile; fileRef = B13869ED252DBCD90027E885 /* AllBreedsListInteractor.swift */; };
		B13869F9252EEF160027E885 /* Breeds.swift in Sources */ = {isa = PBXBuildFile; fileRef = B13869F8252EEF160027E885 /* Breeds.swift */; };
		B1447B532551774C005C1D77 /* PetAdding1stPresenter.swift in Sources */ = {isa = PBXBuildFile; fileRef = B1447B4D2551774C005C1D77 /* PetAdding1stPresenter.swift */; };
		B1447B542551774C005C1D77 /* PetAdding1stWorker.swift in Sources */ = {isa = PBXBuildFile; fileRef = B1447B4E2551774C005C1D77 /* PetAdding1stWorker.swift */; };
		B1447B552551774C005C1D77 /* PetAdding1stRouter.swift in Sources */ = {isa = PBXBuildFile; fileRef = B1447B4F2551774C005C1D77 /* PetAdding1stRouter.swift */; };
		B1447B562551774C005C1D77 /* PetAdding1stModels.swift in Sources */ = {isa = PBXBuildFile; fileRef = B1447B502551774C005C1D77 /* PetAdding1stModels.swift */; };
		B1447B572551774C005C1D77 /* PetAdding1stViewController.swift in Sources */ = {isa = PBXBuildFile; fileRef = B1447B512551774C005C1D77 /* PetAdding1stViewController.swift */; };
		B1447B582551774C005C1D77 /* PetAdding1stInteractor.swift in Sources */ = {isa = PBXBuildFile; fileRef = B1447B522551774C005C1D77 /* PetAdding1stInteractor.swift */; };
		B1447B5D255177B5005C1D77 /* PetCategoryCell.swift in Sources */ = {isa = PBXBuildFile; fileRef = B1447B5C255177B5005C1D77 /* PetCategoryCell.swift */; };
		B1447B6725517C0F005C1D77 /* PetAdding2ndPresenter.swift in Sources */ = {isa = PBXBuildFile; fileRef = B1447B6125517C0F005C1D77 /* PetAdding2ndPresenter.swift */; };
		B1447B6825517C0F005C1D77 /* PetAdding2ndWorker.swift in Sources */ = {isa = PBXBuildFile; fileRef = B1447B6225517C0F005C1D77 /* PetAdding2ndWorker.swift */; };
		B1447B6925517C0F005C1D77 /* PetAdding2ndRouter.swift in Sources */ = {isa = PBXBuildFile; fileRef = B1447B6325517C0F005C1D77 /* PetAdding2ndRouter.swift */; };
		B1447B6A25517C0F005C1D77 /* PetAdding2ndModels.swift in Sources */ = {isa = PBXBuildFile; fileRef = B1447B6425517C0F005C1D77 /* PetAdding2ndModels.swift */; };
		B1447B6B25517C0F005C1D77 /* PetAdding2ndViewController.swift in Sources */ = {isa = PBXBuildFile; fileRef = B1447B6525517C0F005C1D77 /* PetAdding2ndViewController.swift */; };
		B1447B6C25517C0F005C1D77 /* PetAdding2ndInteractor.swift in Sources */ = {isa = PBXBuildFile; fileRef = B1447B6625517C0F005C1D77 /* PetAdding2ndInteractor.swift */; };
		B1447B7325518E27005C1D77 /* DogAtlas.xcdatamodeld in Sources */ = {isa = PBXBuildFile; fileRef = B1447B7125518E27005C1D77 /* DogAtlas.xcdatamodeld */; };
		B1447BAD2551C417005C1D77 /* CoreDataWorker.swift in Sources */ = {isa = PBXBuildFile; fileRef = B1447BAC2551C417005C1D77 /* CoreDataWorker.swift */; };
		B15AD87D256C3F6800BE2916 /* PhotoAddingPresenter.swift in Sources */ = {isa = PBXBuildFile; fileRef = B15AD877256C3F6800BE2916 /* PhotoAddingPresenter.swift */; };
		B15AD87E256C3F6800BE2916 /* PhotoAddingWorker.swift in Sources */ = {isa = PBXBuildFile; fileRef = B15AD878256C3F6800BE2916 /* PhotoAddingWorker.swift */; };
		B15AD87F256C3F6800BE2916 /* PhotoAddingRouter.swift in Sources */ = {isa = PBXBuildFile; fileRef = B15AD879256C3F6800BE2916 /* PhotoAddingRouter.swift */; };
		B15AD880256C3F6800BE2916 /* PhotoAddingModels.swift in Sources */ = {isa = PBXBuildFile; fileRef = B15AD87A256C3F6800BE2916 /* PhotoAddingModels.swift */; };
		B15AD881256C3F6800BE2916 /* PhotoAddingViewController.swift in Sources */ = {isa = PBXBuildFile; fileRef = B15AD87B256C3F6800BE2916 /* PhotoAddingViewController.swift */; };
		B15AD882256C3F6800BE2916 /* PhotoAddingInteractor.swift in Sources */ = {isa = PBXBuildFile; fileRef = B15AD87C256C3F6800BE2916 /* PhotoAddingInteractor.swift */; };
		B178EFD52547278300408B94 /* PetProfilePresenter.swift in Sources */ = {isa = PBXBuildFile; fileRef = B178EFCD2547278200408B94 /* PetProfilePresenter.swift */; };
		B178EFD62547278300408B94 /* PetProfileWorker.swift in Sources */ = {isa = PBXBuildFile; fileRef = B178EFCE2547278200408B94 /* PetProfileWorker.swift */; };
		B178EFD72547278300408B94 /* PetProfileRouter.swift in Sources */ = {isa = PBXBuildFile; fileRef = B178EFCF2547278200408B94 /* PetProfileRouter.swift */; };
		B178EFD82547278300408B94 /* PetProfileModels.swift in Sources */ = {isa = PBXBuildFile; fileRef = B178EFD02547278200408B94 /* PetProfileModels.swift */; };
		B178EFD92547278300408B94 /* PetProfileViewController.swift in Sources */ = {isa = PBXBuildFile; fileRef = B178EFD12547278200408B94 /* PetProfileViewController.swift */; };
		B178EFDB2547278300408B94 /* PetProfileInteractor.swift in Sources */ = {isa = PBXBuildFile; fileRef = B178EFD32547278200408B94 /* PetProfileInteractor.swift */; };
		B184B0282561AE7B0021BE42 /* PetProfileCell.swift in Sources */ = {isa = PBXBuildFile; fileRef = B184B0272561AE7B0021BE42 /* PetProfileCell.swift */; };
		B184B0322561BC080021BE42 /* Apointments+CoreDataClass.swift in Sources */ = {isa = PBXBuildFile; fileRef = B184B02C2561BC080021BE42 /* Apointments+CoreDataClass.swift */; };
		B184B0332561BC080021BE42 /* Apointments+CoreDataProperties.swift in Sources */ = {isa = PBXBuildFile; fileRef = B184B02D2561BC080021BE42 /* Apointments+CoreDataProperties.swift */; };
		B1A18EB02530D88F004A4B78 /* BreedImage.swift in Sources */ = {isa = PBXBuildFile; fileRef = B1A18EAF2530D88F004A4B78 /* BreedImage.swift */; };
		B1C22A7625693AD000F1C15A /* PetCategory+CoreDataClass.swift in Sources */ = {isa = PBXBuildFile; fileRef = B1C22A7425693AD000F1C15A /* PetCategory+CoreDataClass.swift */; };
		B1C22A7725693AD000F1C15A /* PetCategory+CoreDataProperties.swift in Sources */ = {isa = PBXBuildFile; fileRef = B1C22A7525693AD000F1C15A /* PetCategory+CoreDataProperties.swift */; };
		B1EAA9092565A7DA00F8BB9B /* Pet+CoreDataClass.swift in Sources */ = {isa = PBXBuildFile; fileRef = B1EAA9052565A7DA00F8BB9B /* Pet+CoreDataClass.swift */; };
		B1EAA90A2565A7DA00F8BB9B /* Pet+CoreDataProperties.swift in Sources */ = {isa = PBXBuildFile; fileRef = B1EAA9062565A7DA00F8BB9B /* Pet+CoreDataProperties.swift */; };
		B1EFA69825601A6200786171 /* PetActionsCell.swift in Sources */ = {isa = PBXBuildFile; fileRef = B1EFA69725601A6200786171 /* PetActionsCell.swift */; };
		B1F4A33E2545AE9300D897F3 /* UIImageViewExtension.swift in Sources */ = {isa = PBXBuildFile; fileRef = B1F4A33D2545AE9300D897F3 /* UIImageViewExtension.swift */; };
/* End PBXBuildFile section */

/* Begin PBXFileReference section */
		B107ED8725304FCF001AECE0 /* BreedInfoPresenter.swift */ = {isa = PBXFileReference; lastKnownFileType = sourcecode.swift; path = BreedInfoPresenter.swift; sourceTree = "<group>"; };
		B107ED8825304FCF001AECE0 /* BreedInfoWorker.swift */ = {isa = PBXFileReference; lastKnownFileType = sourcecode.swift; path = BreedInfoWorker.swift; sourceTree = "<group>"; };
		B107ED8925304FCF001AECE0 /* BreedInfoRouter.swift */ = {isa = PBXFileReference; lastKnownFileType = sourcecode.swift; path = BreedInfoRouter.swift; sourceTree = "<group>"; };
		B107ED8A25304FCF001AECE0 /* BreedInfoModels.swift */ = {isa = PBXFileReference; lastKnownFileType = sourcecode.swift; path = BreedInfoModels.swift; sourceTree = "<group>"; };
		B107ED8B25304FCF001AECE0 /* BreedInfoViewController.swift */ = {isa = PBXFileReference; lastKnownFileType = sourcecode.swift; path = BreedInfoViewController.swift; sourceTree = "<group>"; };
		B107ED8D25304FCF001AECE0 /* BreedInfoInteractor.swift */ = {isa = PBXFileReference; lastKnownFileType = sourcecode.swift; path = BreedInfoInteractor.swift; sourceTree = "<group>"; };
		B110F9522556F279009B3330 /* NewPet.swift */ = {isa = PBXFileReference; lastKnownFileType = sourcecode.swift; path = NewPet.swift; sourceTree = "<group>"; };
		B1291B6F252232590007FEE3 /* DogsAtlas.app */ = {isa = PBXFileReference; explicitFileType = wrapper.application; includeInIndex = 0; path = DogsAtlas.app; sourceTree = BUILT_PRODUCTS_DIR; };
		B1291B72252232590007FEE3 /* AppDelegate.swift */ = {isa = PBXFileReference; lastKnownFileType = sourcecode.swift; path = AppDelegate.swift; sourceTree = "<group>"; };
		B1291B74252232590007FEE3 /* SceneDelegate.swift */ = {isa = PBXFileReference; lastKnownFileType = sourcecode.swift; path = SceneDelegate.swift; sourceTree = "<group>"; };
		B1291B79252232590007FEE3 /* Base */ = {isa = PBXFileReference; lastKnownFileType = file.storyboard; name = Base; path = Base.lproj/Main.storyboard; sourceTree = "<group>"; };
		B1291B7B2522325D0007FEE3 /* Assets.xcassets */ = {isa = PBXFileReference; lastKnownFileType = folder.assetcatalog; path = Assets.xcassets; sourceTree = "<group>"; };
		B1291B7E2522325D0007FEE3 /* Base */ = {isa = PBXFileReference; lastKnownFileType = file.storyboard; name = Base; path = Base.lproj/LaunchScreen.storyboard; sourceTree = "<group>"; };
		B1291B802522325D0007FEE3 /* Info.plist */ = {isa = PBXFileReference; lastKnownFileType = text.plist.xml; path = Info.plist; sourceTree = "<group>"; };
		B13869CF2529B0A30027E885 /* BreedsCell.swift */ = {isa = PBXFileReference; lastKnownFileType = sourcecode.swift; path = BreedsCell.swift; sourceTree = "<group>"; };
		B13869E2252C5FE90027E885 /* NetworkWorker.swift */ = {isa = PBXFileReference; lastKnownFileType = sourcecode.swift; path = NetworkWorker.swift; sourceTree = "<group>"; };
		B13869E7252DBCD90027E885 /* AllBreedsListPresenter.swift */ = {isa = PBXFileReference; lastKnownFileType = sourcecode.swift; path = AllBreedsListPresenter.swift; sourceTree = "<group>"; };
		B13869E8252DBCD90027E885 /* AllBreedsListWorker.swift */ = {isa = PBXFileReference; lastKnownFileType = sourcecode.swift; path = AllBreedsListWorker.swift; sourceTree = "<group>"; };
		B13869E9252DBCD90027E885 /* AllBreedsListRouter.swift */ = {isa = PBXFileReference; lastKnownFileType = sourcecode.swift; path = AllBreedsListRouter.swift; sourceTree = "<group>"; };
		B13869EA252DBCD90027E885 /* AllBreedsListModels.swift */ = {isa = PBXFileReference; lastKnownFileType = sourcecode.swift; path = AllBreedsListModels.swift; sourceTree = "<group>"; };
		B13869EB252DBCD90027E885 /* AllBreedsListViewController.swift */ = {isa = PBXFileReference; lastKnownFileType = sourcecode.swift; path = AllBreedsListViewController.swift; sourceTree = "<group>"; };
		B13869ED252DBCD90027E885 /* AllBreedsListInteractor.swift */ = {isa = PBXFileReference; lastKnownFileType = sourcecode.swift; path = AllBreedsListInteractor.swift; sourceTree = "<group>"; };
		B13869F8252EEF160027E885 /* Breeds.swift */ = {isa = PBXFileReference; lastKnownFileType = sourcecode.swift; path = Breeds.swift; sourceTree = "<group>"; };
		B1447B4D2551774C005C1D77 /* PetAdding1stPresenter.swift */ = {isa = PBXFileReference; lastKnownFileType = sourcecode.swift; path = PetAdding1stPresenter.swift; sourceTree = "<group>"; };
		B1447B4E2551774C005C1D77 /* PetAdding1stWorker.swift */ = {isa = PBXFileReference; lastKnownFileType = sourcecode.swift; path = PetAdding1stWorker.swift; sourceTree = "<group>"; };
		B1447B4F2551774C005C1D77 /* PetAdding1stRouter.swift */ = {isa = PBXFileReference; lastKnownFileType = sourcecode.swift; path = PetAdding1stRouter.swift; sourceTree = "<group>"; };
		B1447B502551774C005C1D77 /* PetAdding1stModels.swift */ = {isa = PBXFileReference; lastKnownFileType = sourcecode.swift; path = PetAdding1stModels.swift; sourceTree = "<group>"; };
		B1447B512551774C005C1D77 /* PetAdding1stViewController.swift */ = {isa = PBXFileReference; lastKnownFileType = sourcecode.swift; path = PetAdding1stViewController.swift; sourceTree = "<group>"; };
		B1447B522551774C005C1D77 /* PetAdding1stInteractor.swift */ = {isa = PBXFileReference; lastKnownFileType = sourcecode.swift; path = PetAdding1stInteractor.swift; sourceTree = "<group>"; };
		B1447B5C255177B5005C1D77 /* PetCategoryCell.swift */ = {isa = PBXFileReference; lastKnownFileType = sourcecode.swift; path = PetCategoryCell.swift; sourceTree = "<group>"; };
		B1447B6125517C0F005C1D77 /* PetAdding2ndPresenter.swift */ = {isa = PBXFileReference; lastKnownFileType = sourcecode.swift; path = PetAdding2ndPresenter.swift; sourceTree = "<group>"; };
		B1447B6225517C0F005C1D77 /* PetAdding2ndWorker.swift */ = {isa = PBXFileReference; lastKnownFileType = sourcecode.swift; path = PetAdding2ndWorker.swift; sourceTree = "<group>"; };
		B1447B6325517C0F005C1D77 /* PetAdding2ndRouter.swift */ = {isa = PBXFileReference; lastKnownFileType = sourcecode.swift; path = PetAdding2ndRouter.swift; sourceTree = "<group>"; };
		B1447B6425517C0F005C1D77 /* PetAdding2ndModels.swift */ = {isa = PBXFileReference; lastKnownFileType = sourcecode.swift; path = PetAdding2ndModels.swift; sourceTree = "<group>"; };
		B1447B6525517C0F005C1D77 /* PetAdding2ndViewController.swift */ = {isa = PBXFileReference; lastKnownFileType = sourcecode.swift; path = PetAdding2ndViewController.swift; sourceTree = "<group>"; };
		B1447B6625517C0F005C1D77 /* PetAdding2ndInteractor.swift */ = {isa = PBXFileReference; lastKnownFileType = sourcecode.swift; path = PetAdding2ndInteractor.swift; sourceTree = "<group>"; };
		B1447B7225518E27005C1D77 /* PetModel.xcdatamodel */ = {isa = PBXFileReference; lastKnownFileType = wrapper.xcdatamodel; path = PetModel.xcdatamodel; sourceTree = "<group>"; };
		B1447BAC2551C417005C1D77 /* CoreDataWorker.swift */ = {isa = PBXFileReference; lastKnownFileType = sourcecode.swift; path = CoreDataWorker.swift; sourceTree = "<group>"; };
		B15AD877256C3F6800BE2916 /* PhotoAddingPresenter.swift */ = {isa = PBXFileReference; lastKnownFileType = sourcecode.swift; path = PhotoAddingPresenter.swift; sourceTree = "<group>"; };
		B15AD878256C3F6800BE2916 /* PhotoAddingWorker.swift */ = {isa = PBXFileReference; lastKnownFileType = sourcecode.swift; path = PhotoAddingWorker.swift; sourceTree = "<group>"; };
		B15AD879256C3F6800BE2916 /* PhotoAddingRouter.swift */ = {isa = PBXFileReference; lastKnownFileType = sourcecode.swift; path = PhotoAddingRouter.swift; sourceTree = "<group>"; };
		B15AD87A256C3F6800BE2916 /* PhotoAddingModels.swift */ = {isa = PBXFileReference; lastKnownFileType = sourcecode.swift; path = PhotoAddingModels.swift; sourceTree = "<group>"; };
		B15AD87B256C3F6800BE2916 /* PhotoAddingViewController.swift */ = {isa = PBXFileReference; lastKnownFileType = sourcecode.swift; path = PhotoAddingViewController.swift; sourceTree = "<group>"; };
		B15AD87C256C3F6800BE2916 /* PhotoAddingInteractor.swift */ = {isa = PBXFileReference; lastKnownFileType = sourcecode.swift; path = PhotoAddingInteractor.swift; sourceTree = "<group>"; };
		B178EFCD2547278200408B94 /* PetProfilePresenter.swift */ = {isa = PBXFileReference; lastKnownFileType = sourcecode.swift; path = PetProfilePresenter.swift; sourceTree = "<group>"; };
		B178EFCE2547278200408B94 /* PetProfileWorker.swift */ = {isa = PBXFileReference; lastKnownFileType = sourcecode.swift; path = PetProfileWorker.swift; sourceTree = "<group>"; };
		B178EFCF2547278200408B94 /* PetProfileRouter.swift */ = {isa = PBXFileReference; lastKnownFileType = sourcecode.swift; path = PetProfileRouter.swift; sourceTree = "<group>"; };
		B178EFD02547278200408B94 /* PetProfileModels.swift */ = {isa = PBXFileReference; lastKnownFileType = sourcecode.swift; path = PetProfileModels.swift; sourceTree = "<group>"; };
		B178EFD12547278200408B94 /* PetProfileViewController.swift */ = {isa = PBXFileReference; lastKnownFileType = sourcecode.swift; path = PetProfileViewController.swift; sourceTree = "<group>"; };
		B178EFD32547278200408B94 /* PetProfileInteractor.swift */ = {isa = PBXFileReference; lastKnownFileType = sourcecode.swift; path = PetProfileInteractor.swift; sourceTree = "<group>"; };
		B184B0272561AE7B0021BE42 /* PetProfileCell.swift */ = {isa = PBXFileReference; lastKnownFileType = sourcecode.swift; path = PetProfileCell.swift; sourceTree = "<group>"; };
		B184B02C2561BC080021BE42 /* Apointments+CoreDataClass.swift */ = {isa = PBXFileReference; lastKnownFileType = sourcecode.swift; path = "Apointments+CoreDataClass.swift"; sourceTree = "<group>"; };
		B184B02D2561BC080021BE42 /* Apointments+CoreDataProperties.swift */ = {isa = PBXFileReference; lastKnownFileType = sourcecode.swift; path = "Apointments+CoreDataProperties.swift"; sourceTree = "<group>"; };
		B1A18EAF2530D88F004A4B78 /* BreedImage.swift */ = {isa = PBXFileReference; lastKnownFileType = sourcecode.swift; path = BreedImage.swift; sourceTree = "<group>"; };
		B1C22A7425693AD000F1C15A /* PetCategory+CoreDataClass.swift */ = {isa = PBXFileReference; lastKnownFileType = sourcecode.swift; path = "PetCategory+CoreDataClass.swift"; sourceTree = "<group>"; };
		B1C22A7525693AD000F1C15A /* PetCategory+CoreDataProperties.swift */ = {isa = PBXFileReference; lastKnownFileType = sourcecode.swift; path = "PetCategory+CoreDataProperties.swift"; sourceTree = "<group>"; };
		B1EAA9052565A7DA00F8BB9B /* Pet+CoreDataClass.swift */ = {isa = PBXFileReference; lastKnownFileType = sourcecode.swift; path = "Pet+CoreDataClass.swift"; sourceTree = "<group>"; };
		B1EAA9062565A7DA00F8BB9B /* Pet+CoreDataProperties.swift */ = {isa = PBXFileReference; lastKnownFileType = sourcecode.swift; path = "Pet+CoreDataProperties.swift"; sourceTree = "<group>"; };
		B1EFA69725601A6200786171 /* PetActionsCell.swift */ = {isa = PBXFileReference; lastKnownFileType = sourcecode.swift; path = PetActionsCell.swift; sourceTree = "<group>"; };
		B1F4A33D2545AE9300D897F3 /* UIImageViewExtension.swift */ = {isa = PBXFileReference; lastKnownFileType = sourcecode.swift; path = UIImageViewExtension.swift; sourceTree = "<group>"; };
/* End PBXFileReference section */

/* Begin PBXFrameworksBuildPhase section */
		B1291B6C252232590007FEE3 /* Frameworks */ = {
			isa = PBXFrameworksBuildPhase;
			buildActionMask = 2147483647;
			files = (
			);
			runOnlyForDeploymentPostprocessing = 0;
		};
/* End PBXFrameworksBuildPhase section */

/* Begin PBXGroup section */
		B107ED8625304FA1001AECE0 /* BreedInfo */ = {
			isa = PBXGroup;
			children = (
				B107ED8A25304FCF001AECE0 /* BreedInfoModels.swift */,
				B107ED8825304FCF001AECE0 /* BreedInfoWorker.swift */,
				B107ED8D25304FCF001AECE0 /* BreedInfoInteractor.swift */,
				B107ED8725304FCF001AECE0 /* BreedInfoPresenter.swift */,
				B107ED8B25304FCF001AECE0 /* BreedInfoViewController.swift */,
				B107ED8925304FCF001AECE0 /* BreedInfoRouter.swift */,
			);
			path = BreedInfo;
			sourceTree = "<group>";
		};
		B1291B66252232590007FEE3 = {
			isa = PBXGroup;
			children = (
				B1291B71252232590007FEE3 /* DogsAtlas */,
				B1291B70252232590007FEE3 /* Products */,
			);
			sourceTree = "<group>";
		};
		B1291B70252232590007FEE3 /* Products */ = {
			isa = PBXGroup;
			children = (
				B1291B6F252232590007FEE3 /* DogsAtlas.app */,
			);
			name = Products;
			sourceTree = "<group>";
		};
		B1291B71252232590007FEE3 /* DogsAtlas */ = {
			isa = PBXGroup;
			children = (
				B1447B4B255173AE005C1D77 /* Helpers */,
				B1447BA62551A94D005C1D77 /* CoreData */,
				B1291B72252232590007FEE3 /* AppDelegate.swift */,
				B1291B74252232590007FEE3 /* SceneDelegate.swift */,
				B15C255825D3D73A009B5F05 /* Modules */,
				B1291B8B252238160007FEE3 /* Models */,
				B1291B78252232590007FEE3 /* Main.storyboard */,
				B1291B7B2522325D0007FEE3 /* Assets.xcassets */,
				B1291B7D2522325D0007FEE3 /* LaunchScreen.storyboard */,
				B1291B802522325D0007FEE3 /* Info.plist */,
			);
			path = DogsAtlas;
			sourceTree = "<group>";
		};
		B1291B8B252238160007FEE3 /* Models */ = {
			isa = PBXGroup;
			children = (
				B110F9522556F279009B3330 /* NewPet.swift */,
				B13869F8252EEF160027E885 /* Breeds.swift */,
				B1A18EAF2530D88F004A4B78 /* BreedImage.swift */,
			);
			path = Models;
			sourceTree = "<group>";
		};
		B13869BA2529AE9C0027E885 /* AllBreeds */ = {
			isa = PBXGroup;
			children = (
				B13869CE2529B07C0027E885 /* Cell */,
				B13869EA252DBCD90027E885 /* AllBreedsListModels.swift */,
				B13869E8252DBCD90027E885 /* AllBreedsListWorker.swift */,
				B13869ED252DBCD90027E885 /* AllBreedsListInteractor.swift */,
				B13869E7252DBCD90027E885 /* AllBreedsListPresenter.swift */,
				B13869EB252DBCD90027E885 /* AllBreedsListViewController.swift */,
				B13869E9252DBCD90027E885 /* AllBreedsListRouter.swift */,
			);
			path = AllBreeds;
			sourceTree = "<group>";
		};
		B13869CE2529B07C0027E885 /* Cell */ = {
			isa = PBXGroup;
			children = (
				B13869CF2529B0A30027E885 /* BreedsCell.swift */,
			);
			path = Cell;
			sourceTree = "<group>";
		};
		B1447B4B255173AE005C1D77 /* Helpers */ = {
			isa = PBXGroup;
			children = (
				B13869E2252C5FE90027E885 /* NetworkWorker.swift */,
				B1F4A33D2545AE9300D897F3 /* UIImageViewExtension.swift */,
				B1447BAC2551C417005C1D77 /* CoreDataWorker.swift */,
			);
			path = Helpers;
			sourceTree = "<group>";
		};
		B1447B4C255176B4005C1D77 /* PetAdding1st */ = {
			isa = PBXGroup;
			children = (
				B1447B5B25517782005C1D77 /* Cell */,
				B1447B502551774C005C1D77 /* PetAdding1stModels.swift */,
				B1447B4E2551774C005C1D77 /* PetAdding1stWorker.swift */,
				B1447B522551774C005C1D77 /* PetAdding1stInteractor.swift */,
				B1447B4D2551774C005C1D77 /* PetAdding1stPresenter.swift */,
				B1447B512551774C005C1D77 /* PetAdding1stViewController.swift */,
				B1447B4F2551774C005C1D77 /* PetAdding1stRouter.swift */,
			);
			path = PetAdding1st;
			sourceTree = "<group>";
		};
		B1447B5B25517782005C1D77 /* Cell */ = {
			isa = PBXGroup;
			children = (
				B1447B5C255177B5005C1D77 /* PetCategoryCell.swift */,
			);
			path = Cell;
			sourceTree = "<group>";
		};
		B1447B6025517BBB005C1D77 /* PetAdding2nd */ = {
			isa = PBXGroup;
			children = (
				B1447B6425517C0F005C1D77 /* PetAdding2ndModels.swift */,
				B1447B6225517C0F005C1D77 /* PetAdding2ndWorker.swift */,
				B1447B6625517C0F005C1D77 /* PetAdding2ndInteractor.swift */,
				B1447B6125517C0F005C1D77 /* PetAdding2ndPresenter.swift */,
				B1447B6525517C0F005C1D77 /* PetAdding2ndViewController.swift */,
				B1447B6325517C0F005C1D77 /* PetAdding2ndRouter.swift */,
			);
			path = PetAdding2nd;
			sourceTree = "<group>";
		};
		B1447B6F25517C1B005C1D77 /* PetAdding */ = {
			isa = PBXGroup;
			children = (
				B1447B4C255176B4005C1D77 /* PetAdding1st */,
				B1447B6025517BBB005C1D77 /* PetAdding2nd */,
				B15AD876256C3F1500BE2916 /* PhotoAdding */,
			);
			path = PetAdding;
			sourceTree = "<group>";
		};
		B1447BA62551A94D005C1D77 /* CoreData */ = {
			isa = PBXGroup;
			children = (
				B184B02C2561BC080021BE42 /* Apointments+CoreDataClass.swift */,
				B184B02D2561BC080021BE42 /* Apointments+CoreDataProperties.swift */,
				B1EAA9052565A7DA00F8BB9B /* Pet+CoreDataClass.swift */,
				B1EAA9062565A7DA00F8BB9B /* Pet+CoreDataProperties.swift */,
				B1C22A7425693AD000F1C15A /* PetCategory+CoreDataClass.swift */,
				B1C22A7525693AD000F1C15A /* PetCategory+CoreDataProperties.swift */,
				B1447B7125518E27005C1D77 /* DogAtlas.xcdatamodeld */,
			);
			path = CoreData;
			sourceTree = "<group>";
		};
		B147E5DD25508E4D00E101DB /* Cell */ = {
			isa = PBXGroup;
			children = (
				B184B0272561AE7B0021BE42 /* PetProfileCell.swift */,
				B1EFA69725601A6200786171 /* PetActionsCell.swift */,
			);
			path = Cell;
			sourceTree = "<group>";
		};
		B15AD876256C3F1500BE2916 /* PhotoAdding */ = {
			isa = PBXGroup;
			children = (
				B15AD87A256C3F6800BE2916 /* PhotoAddingModels.swift */,
				B15AD878256C3F6800BE2916 /* PhotoAddingWorker.swift */,
				B15AD87C256C3F6800BE2916 /* PhotoAddingInteractor.swift */,
				B15AD877256C3F6800BE2916 /* PhotoAddingPresenter.swift */,
				B15AD87B256C3F6800BE2916 /* PhotoAddingViewController.swift */,
				B15AD879256C3F6800BE2916 /* PhotoAddingRouter.swift */,
			);
			path = PhotoAdding;
			sourceTree = "<group>";
		};
		B15C255825D3D73A009B5F05 /* Modules */ = {
			isa = PBXGroup;
			children = (
				B107ED8625304FA1001AECE0 /* BreedInfo */,
				B13869BA2529AE9C0027E885 /* AllBreeds */,
				B178EFCC2547275100408B94 /* PetProfile */,
				B1447B6F25517C1B005C1D77 /* PetAdding */,
			);
			path = Modules;
			sourceTree = "<group>";
		};
		B178EFCC2547275100408B94 /* PetProfile */ = {
			isa = PBXGroup;
			children = (
				B147E5DD25508E4D00E101DB /* Cell */,
				B178EFD02547278200408B94 /* PetProfileModels.swift */,
				B178EFCE2547278200408B94 /* PetProfileWorker.swift */,
				B178EFD32547278200408B94 /* PetProfileInteractor.swift */,
				B178EFCD2547278200408B94 /* PetProfilePresenter.swift */,
				B178EFD12547278200408B94 /* PetProfileViewController.swift */,
				B178EFCF2547278200408B94 /* PetProfileRouter.swift */,
			);
			path = PetProfile;
			sourceTree = "<group>";
		};
/* End PBXGroup section */

/* Begin PBXNativeTarget section */
		B1291B6E252232590007FEE3 /* DogsAtlas */ = {
			isa = PBXNativeTarget;
			buildConfigurationList = B1291B832522325D0007FEE3 /* Build configuration list for PBXNativeTarget "DogsAtlas" */;
			buildPhases = (
				B1291B6B252232590007FEE3 /* Sources */,
				B1291B6C252232590007FEE3 /* Frameworks */,
				B1291B6D252232590007FEE3 /* Resources */,
			);
			buildRules = (
			);
			dependencies = (
			);
			name = DogsAtlas;
			productName = DogsAtlas;
			productReference = B1291B6F252232590007FEE3 /* DogsAtlas.app */;
			productType = "com.apple.product-type.application";
		};
/* End PBXNativeTarget section */

/* Begin PBXProject section */
		B1291B67252232590007FEE3 /* Project object */ = {
			isa = PBXProject;
			attributes = {
				LastSwiftUpdateCheck = 1200;
				LastUpgradeCheck = 1200;
				TargetAttributes = {
					B1291B6E252232590007FEE3 = {
						CreatedOnToolsVersion = 12.0.1;
					};
				};
			};
			buildConfigurationList = B1291B6A252232590007FEE3 /* Build configuration list for PBXProject "DogsAtlas" */;
			compatibilityVersion = "Xcode 11.0";
			developmentRegion = en;
			hasScannedForEncodings = 0;
			knownRegions = (
				en,
				Base,
			);
			mainGroup = B1291B66252232590007FEE3;
			productRefGroup = B1291B70252232590007FEE3 /* Products */;
			projectDirPath = "";
			projectRoot = "";
			targets = (
				B1291B6E252232590007FEE3 /* DogsAtlas */,
			);
		};
/* End PBXProject section */

/* Begin PBXResourcesBuildPhase section */
		B1291B6D252232590007FEE3 /* Resources */ = {
			isa = PBXResourcesBuildPhase;
			buildActionMask = 2147483647;
			files = (
				B1291B7F2522325D0007FEE3 /* LaunchScreen.storyboard in Resources */,
				B1291B7C2522325D0007FEE3 /* Assets.xcassets in Resources */,
				B1291B7A252232590007FEE3 /* Main.storyboard in Resources */,
			);
			runOnlyForDeploymentPostprocessing = 0;
		};
/* End PBXResourcesBuildPhase section */

/* Begin PBXSourcesBuildPhase section */
		B1291B6B252232590007FEE3 /* Sources */ = {
			isa = PBXSourcesBuildPhase;
			buildActionMask = 2147483647;
			files = (
				B184B0282561AE7B0021BE42 /* PetProfileCell.swift in Sources */,
				B178EFD62547278300408B94 /* PetProfileWorker.swift in Sources */,
				B1C22A7725693AD000F1C15A /* PetCategory+CoreDataProperties.swift in Sources */,
				B1447B562551774C005C1D77 /* PetAdding1stModels.swift in Sources */,
				B13869E3252C5FE90027E885 /* NetworkWorker.swift in Sources */,
				B1447B5D255177B5005C1D77 /* PetCategoryCell.swift in Sources */,
				B13869F5252DBCD90027E885 /* AllBreedsListInteractor.swift in Sources */,
				B107ED9225304FCF001AECE0 /* BreedInfoModels.swift in Sources */,
				B1EAA9092565A7DA00F8BB9B /* Pet+CoreDataClass.swift in Sources */,
				B1F4A33E2545AE9300D897F3 /* UIImageViewExtension.swift in Sources */,
				B1447B532551774C005C1D77 /* PetAdding1stPresenter.swift in Sources */,
				B107ED9025304FCF001AECE0 /* BreedInfoWorker.swift in Sources */,
				B15AD87F256C3F6800BE2916 /* PhotoAddingRouter.swift in Sources */,
				B107ED9325304FCF001AECE0 /* BreedInfoViewController.swift in Sources */,
				B13869F1252DBCD90027E885 /* AllBreedsListRouter.swift in Sources */,
				B178EFD72547278300408B94 /* PetProfileRouter.swift in Sources */,
				B1A18EB02530D88F004A4B78 /* BreedImage.swift in Sources */,
				B178EFD92547278300408B94 /* PetProfileViewController.swift in Sources */,
				B1447B572551774C005C1D77 /* PetAdding1stViewController.swift in Sources */,
				B184B0322561BC080021BE42 /* Apointments+CoreDataClass.swift in Sources */,
				B1447B6C25517C0F005C1D77 /* PetAdding2ndInteractor.swift in Sources */,
				B1447B6A25517C0F005C1D77 /* PetAdding2ndModels.swift in Sources */,
				B13869F2252DBCD90027E885 /* AllBreedsListModels.swift in Sources */,
				B1EFA69825601A6200786171 /* PetActionsCell.swift in Sources */,
				B13869F3252DBCD90027E885 /* AllBreedsListViewController.swift in Sources */,
				B13869EF252DBCD90027E885 /* AllBreedsListPresenter.swift in Sources */,
				B13869F0252DBCD90027E885 /* AllBreedsListWorker.swift in Sources */,
				B1447B6925517C0F005C1D77 /* PetAdding2ndRouter.swift in Sources */,
				B107ED9525304FCF001AECE0 /* BreedInfoInteractor.swift in Sources */,
				B1447B552551774C005C1D77 /* PetAdding1stRouter.swift in Sources */,
				B15AD880256C3F6800BE2916 /* PhotoAddingModels.swift in Sources */,
				B178EFDB2547278300408B94 /* PetProfileInteractor.swift in Sources */,
				B1291B73252232590007FEE3 /* AppDelegate.swift in Sources */,
				B1EAA90A2565A7DA00F8BB9B /* Pet+CoreDataProperties.swift in Sources */,
				B15AD87D256C3F6800BE2916 /* PhotoAddingPresenter.swift in Sources */,
				B1291B75252232590007FEE3 /* SceneDelegate.swift in Sources */,
				B1447B542551774C005C1D77 /* PetAdding1stWorker.swift in Sources */,
				B1447B6725517C0F005C1D77 /* PetAdding2ndPresenter.swift in Sources */,
				B15AD881256C3F6800BE2916 /* PhotoAddingViewController.swift in Sources */,
				B1447BAD2551C417005C1D77 /* CoreDataWorker.swift in Sources */,
				B184B0332561BC080021BE42 /* Apointments+CoreDataProperties.swift in Sources */,
				B110F9532556F279009B3330 /* NewPet.swift in Sources */,
				B15AD882256C3F6800BE2916 /* PhotoAddingInteractor.swift in Sources */,
				B1C22A7625693AD000F1C15A /* PetCategory+CoreDataClass.swift in Sources */,
				B107ED8F25304FCF001AECE0 /* BreedInfoPresenter.swift in Sources */,
				B15AD87E256C3F6800BE2916 /* PhotoAddingWorker.swift in Sources */,
				B1447B582551774C005C1D77 /* PetAdding1stInteractor.swift in Sources */,
				B13869F9252EEF160027E885 /* Breeds.swift in Sources */,
				B1447B6825517C0F005C1D77 /* PetAdding2ndWorker.swift in Sources */,
				B13869D02529B0A30027E885 /* BreedsCell.swift in Sources */,
				B178EFD52547278300408B94 /* PetProfilePresenter.swift in Sources */,
				B178EFD82547278300408B94 /* PetProfileModels.swift in Sources */,
				B1447B6B25517C0F005C1D77 /* PetAdding2ndViewController.swift in Sources */,
				B107ED9125304FCF001AECE0 /* BreedInfoRouter.swift in Sources */,
				B1447B7325518E27005C1D77 /* DogAtlas.xcdatamodeld in Sources */,
			);
			runOnlyForDeploymentPostprocessing = 0;
		};
/* End PBXSourcesBuildPhase section */

/* Begin PBXVariantGroup section */
		B1291B78252232590007FEE3 /* Main.storyboard */ = {
			isa = PBXVariantGroup;
			children = (
				B1291B79252232590007FEE3 /* Base */,
			);
			name = Main.storyboard;
			sourceTree = "<group>";
		};
		B1291B7D2522325D0007FEE3 /* LaunchScreen.storyboard */ = {
			isa = PBXVariantGroup;
			children = (
				B1291B7E2522325D0007FEE3 /* Base */,
			);
			name = LaunchScreen.storyboard;
			sourceTree = "<group>";
		};
/* End PBXVariantGroup section */

/* Begin XCBuildConfiguration section */
		B1291B812522325D0007FEE3 /* Debug */ = {
			isa = XCBuildConfiguration;
			buildSettings = {
				ALWAYS_SEARCH_USER_PATHS = NO;
				CLANG_ANALYZER_NONNULL = YES;
				CLANG_ANALYZER_NUMBER_OBJECT_CONVERSION = YES_AGGRESSIVE;
				CLANG_CXX_LANGUAGE_STANDARD = "gnu++14";
				CLANG_CXX_LIBRARY = "libc++";
				CLANG_ENABLE_MODULES = YES;
				CLANG_ENABLE_OBJC_ARC = YES;
				CLANG_ENABLE_OBJC_WEAK = YES;
				CLANG_WARN_BLOCK_CAPTURE_AUTORELEASING = YES;
				CLANG_WARN_BOOL_CONVERSION = YES;
				CLANG_WARN_COMMA = YES;
				CLANG_WARN_CONSTANT_CONVERSION = YES;
				CLANG_WARN_DEPRECATED_OBJC_IMPLEMENTATIONS = YES;
				CLANG_WARN_DIRECT_OBJC_ISA_USAGE = YES_ERROR;
				CLANG_WARN_DOCUMENTATION_COMMENTS = YES;
				CLANG_WARN_EMPTY_BODY = YES;
				CLANG_WARN_ENUM_CONVERSION = YES;
				CLANG_WARN_INFINITE_RECURSION = YES;
				CLANG_WARN_INT_CONVERSION = YES;
				CLANG_WARN_NON_LITERAL_NULL_CONVERSION = YES;
				CLANG_WARN_OBJC_IMPLICIT_RETAIN_SELF = YES;
				CLANG_WARN_OBJC_LITERAL_CONVERSION = YES;
				CLANG_WARN_OBJC_ROOT_CLASS = YES_ERROR;
				CLANG_WARN_QUOTED_INCLUDE_IN_FRAMEWORK_HEADER = YES;
				CLANG_WARN_RANGE_LOOP_ANALYSIS = YES;
				CLANG_WARN_STRICT_PROTOTYPES = YES;
				CLANG_WARN_SUSPICIOUS_MOVE = YES;
				CLANG_WARN_UNGUARDED_AVAILABILITY = YES_AGGRESSIVE;
				CLANG_WARN_UNREACHABLE_CODE = YES;
				CLANG_WARN__DUPLICATE_METHOD_MATCH = YES;
				COPY_PHASE_STRIP = NO;
				DEBUG_INFORMATION_FORMAT = dwarf;
				ENABLE_STRICT_OBJC_MSGSEND = YES;
				ENABLE_TESTABILITY = YES;
				GCC_C_LANGUAGE_STANDARD = gnu11;
				GCC_DYNAMIC_NO_PIC = NO;
				GCC_NO_COMMON_BLOCKS = YES;
				GCC_OPTIMIZATION_LEVEL = 0;
				GCC_PREPROCESSOR_DEFINITIONS = (
					"DEBUG=1",
					"$(inherited)",
				);
				GCC_WARN_64_TO_32_BIT_CONVERSION = YES;
				GCC_WARN_ABOUT_RETURN_TYPE = YES_ERROR;
				GCC_WARN_UNDECLARED_SELECTOR = YES;
				GCC_WARN_UNINITIALIZED_AUTOS = YES_AGGRESSIVE;
				GCC_WARN_UNUSED_FUNCTION = YES;
				GCC_WARN_UNUSED_VARIABLE = YES;
				IPHONEOS_DEPLOYMENT_TARGET = 14.0;
				MTL_ENABLE_DEBUG_INFO = INCLUDE_SOURCE;
				MTL_FAST_MATH = YES;
				ONLY_ACTIVE_ARCH = YES;
				SDKROOT = iphoneos;
				SWIFT_ACTIVE_COMPILATION_CONDITIONS = DEBUG;
				SWIFT_OPTIMIZATION_LEVEL = "-Onone";
			};
			name = Debug;
		};
		B1291B822522325D0007FEE3 /* Release */ = {
			isa = XCBuildConfiguration;
			buildSettings = {
				ALWAYS_SEARCH_USER_PATHS = NO;
				CLANG_ANALYZER_NONNULL = YES;
				CLANG_ANALYZER_NUMBER_OBJECT_CONVERSION = YES_AGGRESSIVE;
				CLANG_CXX_LANGUAGE_STANDARD = "gnu++14";
				CLANG_CXX_LIBRARY = "libc++";
				CLANG_ENABLE_MODULES = YES;
				CLANG_ENABLE_OBJC_ARC = YES;
				CLANG_ENABLE_OBJC_WEAK = YES;
				CLANG_WARN_BLOCK_CAPTURE_AUTORELEASING = YES;
				CLANG_WARN_BOOL_CONVERSION = YES;
				CLANG_WARN_COMMA = YES;
				CLANG_WARN_CONSTANT_CONVERSION = YES;
				CLANG_WARN_DEPRECATED_OBJC_IMPLEMENTATIONS = YES;
				CLANG_WARN_DIRECT_OBJC_ISA_USAGE = YES_ERROR;
				CLANG_WARN_DOCUMENTATION_COMMENTS = YES;
				CLANG_WARN_EMPTY_BODY = YES;
				CLANG_WARN_ENUM_CONVERSION = YES;
				CLANG_WARN_INFINITE_RECURSION = YES;
				CLANG_WARN_INT_CONVERSION = YES;
				CLANG_WARN_NON_LITERAL_NULL_CONVERSION = YES;
				CLANG_WARN_OBJC_IMPLICIT_RETAIN_SELF = YES;
				CLANG_WARN_OBJC_LITERAL_CONVERSION = YES;
				CLANG_WARN_OBJC_ROOT_CLASS = YES_ERROR;
				CLANG_WARN_QUOTED_INCLUDE_IN_FRAMEWORK_HEADER = YES;
				CLANG_WARN_RANGE_LOOP_ANALYSIS = YES;
				CLANG_WARN_STRICT_PROTOTYPES = YES;
				CLANG_WARN_SUSPICIOUS_MOVE = YES;
				CLANG_WARN_UNGUARDED_AVAILABILITY = YES_AGGRESSIVE;
				CLANG_WARN_UNREACHABLE_CODE = YES;
				CLANG_WARN__DUPLICATE_METHOD_MATCH = YES;
				COPY_PHASE_STRIP = NO;
				DEBUG_INFORMATION_FORMAT = "dwarf-with-dsym";
				ENABLE_NS_ASSERTIONS = NO;
				ENABLE_STRICT_OBJC_MSGSEND = YES;
				GCC_C_LANGUAGE_STANDARD = gnu11;
				GCC_NO_COMMON_BLOCKS = YES;
				GCC_WARN_64_TO_32_BIT_CONVERSION = YES;
				GCC_WARN_ABOUT_RETURN_TYPE = YES_ERROR;
				GCC_WARN_UNDECLARED_SELECTOR = YES;
				GCC_WARN_UNINITIALIZED_AUTOS = YES_AGGRESSIVE;
				GCC_WARN_UNUSED_FUNCTION = YES;
				GCC_WARN_UNUSED_VARIABLE = YES;
				IPHONEOS_DEPLOYMENT_TARGET = 14.0;
				MTL_ENABLE_DEBUG_INFO = NO;
				MTL_FAST_MATH = YES;
				SDKROOT = iphoneos;
				SWIFT_COMPILATION_MODE = wholemodule;
				SWIFT_OPTIMIZATION_LEVEL = "-O";
				VALIDATE_PRODUCT = YES;
			};
			name = Release;
		};
		B1291B842522325D0007FEE3 /* Debug */ = {
			isa = XCBuildConfiguration;
			buildSettings = {
				ASSETCATALOG_COMPILER_APPICON_NAME = AppIcon;
				ASSETCATALOG_COMPILER_GLOBAL_ACCENT_COLOR_NAME = AccentColor;
				CODE_SIGN_STYLE = Automatic;
				DEVELOPMENT_TEAM = 5C5R3P6NHR;
				INFOPLIST_FILE = DogsAtlas/Info.plist;
				LD_RUNPATH_SEARCH_PATHS = (
					"$(inherited)",
					"@executable_path/Frameworks",
				);
				PRODUCT_BUNDLE_IDENTIFIER = "Vladimir-Udachin.DogsAtlas";
				PRODUCT_NAME = "$(TARGET_NAME)";
				SWIFT_VERSION = 5.0;
				TARGETED_DEVICE_FAMILY = "1,2";
			};
			name = Debug;
		};
		B1291B852522325D0007FEE3 /* Release */ = {
			isa = XCBuildConfiguration;
			buildSettings = {
				ASSETCATALOG_COMPILER_APPICON_NAME = AppIcon;
				ASSETCATALOG_COMPILER_GLOBAL_ACCENT_COLOR_NAME = AccentColor;
				CODE_SIGN_STYLE = Automatic;
				DEVELOPMENT_TEAM = 5C5R3P6NHR;
				INFOPLIST_FILE = DogsAtlas/Info.plist;
				LD_RUNPATH_SEARCH_PATHS = (
					"$(inherited)",
					"@executable_path/Frameworks",
				);
				PRODUCT_BUNDLE_IDENTIFIER = "Vladimir-Udachin.DogsAtlas";
				PRODUCT_NAME = "$(TARGET_NAME)";
				SWIFT_VERSION = 5.0;
				TARGETED_DEVICE_FAMILY = "1,2";
			};
			name = Release;
		};
/* End XCBuildConfiguration section */

/* Begin XCConfigurationList section */
		B1291B6A252232590007FEE3 /* Build configuration list for PBXProject "DogsAtlas" */ = {
			isa = XCConfigurationList;
			buildConfigurations = (
				B1291B812522325D0007FEE3 /* Debug */,
				B1291B822522325D0007FEE3 /* Release */,
			);
			defaultConfigurationIsVisible = 0;
			defaultConfigurationName = Release;
		};
		B1291B832522325D0007FEE3 /* Build configuration list for PBXNativeTarget "DogsAtlas" */ = {
			isa = XCConfigurationList;
			buildConfigurations = (
				B1291B842522325D0007FEE3 /* Debug */,
				B1291B852522325D0007FEE3 /* Release */,
			);
			defaultConfigurationIsVisible = 0;
			defaultConfigurationName = Release;
		};
/* End XCConfigurationList section */

/* Begin XCVersionGroup section */
		B1447B7125518E27005C1D77 /* DogAtlas.xcdatamodeld */ = {
			isa = XCVersionGroup;
			children = (
				B1447B7225518E27005C1D77 /* PetModel.xcdatamodel */,
			);
			currentVersion = B1447B7225518E27005C1D77 /* PetModel.xcdatamodel */;
			path = DogAtlas.xcdatamodeld;
			sourceTree = "<group>";
			versionGroupType = wrapper.xcdatamodel;
		};
/* End XCVersionGroup section */
	};
	rootObject = B1291B67252232590007FEE3 /* Project object */;
}
